
Microsoft Visual Studio Solution File, Format Version 12.00
# Visual Studio Version 17
VisualStudioVersion = 17.2.32630.192
MinimumVisualStudioVersion = 10.0.40219.1
Project("{9A19103F-16F7-4668-BE54-9A1E7A4F7556}") = "MveuParallelKotov", "MveuParallelKotov\MveuParallelKotov.csproj", "{46CEFB06-20C9-4B00-B85E-0F8C7948A2BA}"
EndProject
Project("{9A19103F-16F7-4668-BE54-9A1E7A4F7556}") = "Log", "..\Try\JointTask\Log\Log.csproj", "{38361514-BD45-48CF-94DF-05CC5A794440}"
EndProject
Project("{9A19103F-16F7-4668-BE54-9A1E7A4F7556}") = "ArchiveFiles", "..\MveuParallel\ArchiveFiles\ArchiveFiles.csproj", "{96C1DB36-6AEC-486F-94F9-E9CD43400E47}"
EndProject
Global
	GlobalSection(SolutionConfigurationPlatforms) = preSolution
		Debug|Any CPU = Debug|Any CPU
		Release|Any CPU = Release|Any CPU
	EndGlobalSection
	GlobalSection(ProjectConfigurationPlatforms) = postSolution
		{46CEFB06-20C9-4B00-B85E-0F8C7948A2BA}.Debug|Any CPU.ActiveCfg = Debug|Any CPU
		{46CEFB06-20C9-4B00-B85E-0F8C7948A2BA}.Debug|Any CPU.Build.0 = Debug|Any CPU
		{46CEFB06-20C9-4B00-B85E-0F8C7948A2BA}.Release|Any CPU.ActiveCfg = Release|Any CPU
		{46CEFB06-20C9-4B00-B85E-0F8C7948A2BA}.Release|Any CPU.Build.0 = Release|Any CPU
		{38361514-BD45-48CF-94DF-05CC5A794440}.Debug|Any CPU.ActiveCfg = Debug|Any CPU
		{38361514-BD45-48CF-94DF-05CC5A794440}.Debug|Any CPU.Build.0 = Debug|Any CPU
		{38361514-BD45-48CF-94DF-05CC5A794440}.Release|Any CPU.ActiveCfg = Release|Any CPU
		{38361514-BD45-48CF-94DF-05CC5A794440}.Release|Any CPU.Build.0 = Release|Any CPU
		{96C1DB36-6AEC-486F-94F9-E9CD43400E47}.Debug|Any CPU.ActiveCfg = Debug|Any CPU
		{96C1DB36-6AEC-486F-94F9-E9CD43400E47}.Debug|Any CPU.Build.0 = Debug|Any CPU
		{96C1DB36-6AEC-486F-94F9-E9CD43400E47}.Release|Any CPU.ActiveCfg = Release|Any CPU
		{96C1DB36-6AEC-486F-94F9-E9CD43400E47}.Release|Any CPU.Build.0 = Release|Any CPU
	EndGlobalSection
	GlobalSection(SolutionProperties) = preSolution
		HideSolutionNode = FALSE
	EndGlobalSection
	GlobalSection(ExtensibilityGlobals) = postSolution
		SolutionGuid = {81726601-10CA-4871-A05F-3140174791A0}
	EndGlobalSection
EndGlobal
